PODS:
  - RIBs (0.9.1):
    - RxSwift (~> 4.0)
  - RxSwift (4.5.0)
  - SnapKit (5.0.1)

DEPENDENCIES:
  - RIBs (~> 0.9)
  - SnapKit

SPEC REPOS:
  trunk:
    - RIBs
    - RxSwift
    - SnapKit

SPEC CHECKSUMS:
  RIBs: 879184fbca567425c488d6b3d14a9c5abfbf9d47
  RxSwift: f172070dfd1a93d70a9ab97a5a01166206e1c575
  SnapKit: 97b92857e3df3a0c71833cce143274bf6ef8e5eb

PODFILE CHECKSUM: 96f7e0c2fe2b347d3a1f51a6564f7a03aa3b1c1f

COCOAPODS: 1.11.2
